// !$*UTF8*$!
{
	archiveVersion = 1;
	classes = {
	};
	objectVersion = 55;
	objects = {

/* Begin PBXBuildFile section */
		D82B7BC22749E8D50015371A /* Plan.swift in Sources */ = {isa = PBXBuildFile; fileRef = D82B7BC12749E8D50015371A /* Plan.swift */; };
		D82C73B5274B156300F54968 /* PlansViewController.swift in Sources */ = {isa = PBXBuildFile; fileRef = D82C73B4274B156300F54968 /* PlansViewController.swift */; };
		D82C73B7274B1C3400F54968 /* Thread.swift in Sources */ = {isa = PBXBuildFile; fileRef = D82C73B6274B1C3400F54968 /* Thread.swift */; };
		D84C60182749C7DA009E5863 /* CalendarViewController.swift in Sources */ = {isa = PBXBuildFile; fileRef = D84C60172749C7DA009E5863 /* CalendarViewController.swift */; };
		D84C601A2749C946009E5863 /* CalendarController.swift in Sources */ = {isa = PBXBuildFile; fileRef = D84C60192749C946009E5863 /* CalendarController.swift */; };
		D84C601C2749C94E009E5863 /* CalendarPresenter.swift in Sources */ = {isa = PBXBuildFile; fileRef = D84C601B2749C94E009E5863 /* CalendarPresenter.swift */; };
		D84C601E2749C96C009E5863 /* CalendarUseCase.swift in Sources */ = {isa = PBXBuildFile; fileRef = D84C601D2749C96B009E5863 /* CalendarUseCase.swift */; };
		D84C60202749C972009E5863 /* DateItems.swift in Sources */ = {isa = PBXBuildFile; fileRef = D84C601F2749C972009E5863 /* DateItems.swift */; };
		D84C60222749C97B009E5863 /* UIColor+.swift in Sources */ = {isa = PBXBuildFile; fileRef = D84C60212749C97A009E5863 /* UIColor+.swift */; };
		D86D41F3274C820800B103DA /* PlanCreateViewController.swift in Sources */ = {isa = PBXBuildFile; fileRef = D86D41F2274C820800B103DA /* PlanCreateViewController.swift */; };
		D8706D482748AC6500178A5A /* AppDelegate.swift in Sources */ = {isa = PBXBuildFile; fileRef = D8706D472748AC6500178A5A /* AppDelegate.swift */; };
		D8706D4A2748AC6500178A5A /* SceneDelegate.swift in Sources */ = {isa = PBXBuildFile; fileRef = D8706D492748AC6500178A5A /* SceneDelegate.swift */; };
		D8706D4C2748AC6500178A5A /* ViewController.swift in Sources */ = {isa = PBXBuildFile; fileRef = D8706D4B2748AC6500178A5A /* ViewController.swift */; };
		D8706D4F2748AC6500178A5A /* Main.storyboard in Resources */ = {isa = PBXBuildFile; fileRef = D8706D4D2748AC6500178A5A /* Main.storyboard */; };
		D8706D512748AC6700178A5A /* Assets.xcassets in Resources */ = {isa = PBXBuildFile; fileRef = D8706D502748AC6700178A5A /* Assets.xcassets */; };
		D8706D542748AC6700178A5A /* LaunchScreen.storyboard in Resources */ = {isa = PBXBuildFile; fileRef = D8706D522748AC6700178A5A /* LaunchScreen.storyboard */; };
		D8706D5C2748AFE000178A5A /* LoginViewController.swift in Sources */ = {isa = PBXBuildFile; fileRef = D8706D5B2748AFE000178A5A /* LoginViewController.swift */; };
		D8706D5E2748AFF800178A5A /* RegisterViewController.swift in Sources */ = {isa = PBXBuildFile; fileRef = D8706D5D2748AFF800178A5A /* RegisterViewController.swift */; };
		D8706D612748B2EB00178A5A /* Login.swift in Sources */ = {isa = PBXBuildFile; fileRef = D8706D602748B2EB00178A5A /* Login.swift */; };
		D8706D632748B35D00178A5A /* Constants.swift in Sources */ = {isa = PBXBuildFile; fileRef = D8706D622748B35D00178A5A /* Constants.swift */; };
		D8706D672748CFD900178A5A /* Club.swift in Sources */ = {isa = PBXBuildFile; fileRef = D8706D662748CFD900178A5A /* Club.swift */; };
		D8706D692748DF3800178A5A /* ClubsViewController.swift in Sources */ = {isa = PBXBuildFile; fileRef = D8706D682748DF3800178A5A /* ClubsViewController.swift */; };
		D8706D6B2748EA7600178A5A /* ClubCreateViewController.swift in Sources */ = {isa = PBXBuildFile; fileRef = D8706D6A2748EA7600178A5A /* ClubCreateViewController.swift */; };
		D8706D6D2748EA9400178A5A /* RequestViewController.swift in Sources */ = {isa = PBXBuildFile; fileRef = D8706D6C2748EA9400178A5A /* RequestViewController.swift */; };
/* End PBXBuildFile section */

/* Begin PBXFileReference section */
		1821054D7E9E356BE21924FB /* Pods_Clubs.framework */ = {isa = PBXFileReference; explicitFileType = wrapper.framework; includeInIndex = 0; path = Pods_Clubs.framework; sourceTree = BUILT_PRODUCTS_DIR; };
		5DB2B8ED6B0C1B9DFA0BE814 /* Pods-Clubs.debug.xcconfig */ = {isa = PBXFileReference; includeInIndex = 1; lastKnownFileType = text.xcconfig; name = "Pods-Clubs.debug.xcconfig"; path = "Target Support Files/Pods-Clubs/Pods-Clubs.debug.xcconfig"; sourceTree = "<group>"; };
		6D2DDD878F71875BDF867974 /* Pods-Clubs.release.xcconfig */ = {isa = PBXFileReference; includeInIndex = 1; lastKnownFileType = text.xcconfig; name = "Pods-Clubs.release.xcconfig"; path = "Target Support Files/Pods-Clubs/Pods-Clubs.release.xcconfig"; sourceTree = "<group>"; };
		D82B7BC12749E8D50015371A /* Plan.swift */ = {isa = PBXFileReference; lastKnownFileType = sourcecode.swift; path = Plan.swift; sourceTree = "<group>"; };
		D82C73B4274B156300F54968 /* PlansViewController.swift */ = {isa = PBXFileReference; lastKnownFileType = sourcecode.swift; path = PlansViewController.swift; sourceTree = "<group>"; };
		D82C73B6274B1C3400F54968 /* Thread.swift */ = {isa = PBXFileReference; lastKnownFileType = sourcecode.swift; path = Thread.swift; sourceTree = "<group>"; };
		D84C60172749C7DA009E5863 /* CalendarViewController.swift */ = {isa = PBXFileReference; lastKnownFileType = sourcecode.swift; path = CalendarViewController.swift; sourceTree = "<group>"; };
		D84C60192749C946009E5863 /* CalendarController.swift */ = {isa = PBXFileReference; fileEncoding = 4; lastKnownFileType = sourcecode.swift; path = CalendarController.swift; sourceTree = "<group>"; };
		D84C601B2749C94E009E5863 /* CalendarPresenter.swift */ = {isa = PBXFileReference; fileEncoding = 4; lastKnownFileType = sourcecode.swift; path = CalendarPresenter.swift; sourceTree = "<group>"; };
		D84C601D2749C96B009E5863 /* CalendarUseCase.swift */ = {isa = PBXFileReference; fileEncoding = 4; lastKnownFileType = sourcecode.swift; path = CalendarUseCase.swift; sourceTree = "<group>"; };
		D84C601F2749C972009E5863 /* DateItems.swift */ = {isa = PBXFileReference; fileEncoding = 4; lastKnownFileType = sourcecode.swift; path = DateItems.swift; sourceTree = "<group>"; };
		D84C60212749C97A009E5863 /* UIColor+.swift */ = {isa = PBXFileReference; fileEncoding = 4; lastKnownFileType = sourcecode.swift; path = "UIColor+.swift"; sourceTree = "<group>"; };
		D86D41F2274C820800B103DA /* PlanCreateViewController.swift */ = {isa = PBXFileReference; lastKnownFileType = sourcecode.swift; path = PlanCreateViewController.swift; sourceTree = "<group>"; };
		D8706D442748AC6500178A5A /* Clubs.app */ = {isa = PBXFileReference; explicitFileType = wrapper.application; includeInIndex = 0; path = Clubs.app; sourceTree = BUILT_PRODUCTS_DIR; };
		D8706D472748AC6500178A5A /* AppDelegate.swift */ = {isa = PBXFileReference; lastKnownFileType = sourcecode.swift; path = AppDelegate.swift; sourceTree = "<group>"; };
		D8706D492748AC6500178A5A /* SceneDelegate.swift */ = {isa = PBXFileReference; lastKnownFileType = sourcecode.swift; path = SceneDelegate.swift; sourceTree = "<group>"; };
		D8706D4B2748AC6500178A5A /* ViewController.swift */ = {isa = PBXFileReference; lastKnownFileType = sourcecode.swift; path = ViewController.swift; sourceTree = "<group>"; };
		D8706D4E2748AC6500178A5A /* Base */ = {isa = PBXFileReference; lastKnownFileType = file.storyboard; name = Base; path = Base.lproj/Main.storyboard; sourceTree = "<group>"; };
		D8706D502748AC6700178A5A /* Assets.xcassets */ = {isa = PBXFileReference; lastKnownFileType = folder.assetcatalog; path = Assets.xcassets; sourceTree = "<group>"; };
		D8706D532748AC6700178A5A /* Base */ = {isa = PBXFileReference; lastKnownFileType = file.storyboard; name = Base; path = Base.lproj/LaunchScreen.storyboard; sourceTree = "<group>"; };
		D8706D552748AC6700178A5A /* Info.plist */ = {isa = PBXFileReference; lastKnownFileType = text.plist.xml; path = Info.plist; sourceTree = "<group>"; };
		D8706D5B2748AFE000178A5A /* LoginViewController.swift */ = {isa = PBXFileReference; lastKnownFileType = sourcecode.swift; path = LoginViewController.swift; sourceTree = "<group>"; };
		D8706D5D2748AFF800178A5A /* RegisterViewController.swift */ = {isa = PBXFileReference; lastKnownFileType = sourcecode.swift; path = RegisterViewController.swift; sourceTree = "<group>"; };
		D8706D602748B2EB00178A5A /* Login.swift */ = {isa = PBXFileReference; lastKnownFileType = sourcecode.swift; path = Login.swift; sourceTree = "<group>"; };
		D8706D622748B35D00178A5A /* Constants.swift */ = {isa = PBXFileReference; lastKnownFileType = sourcecode.swift; path = Constants.swift; sourceTree = "<group>"; };
		D8706D662748CFD900178A5A /* Club.swift */ = {isa = PBXFileReference; lastKnownFileType = sourcecode.swift; path = Club.swift; sourceTree = "<group>"; };
		D8706D682748DF3800178A5A /* ClubsViewController.swift */ = {isa = PBXFileReference; lastKnownFileType = sourcecode.swift; path = ClubsViewController.swift; sourceTree = "<group>"; };
		D8706D6A2748EA7600178A5A /* ClubCreateViewController.swift */ = {isa = PBXFileReference; lastKnownFileType = sourcecode.swift; path = ClubCreateViewController.swift; sourceTree = "<group>"; };
		D8706D6C2748EA9400178A5A /* RequestViewController.swift */ = {isa = PBXFileReference; lastKnownFileType = sourcecode.swift; path = RequestViewController.swift; sourceTree = "<group>"; };
/* End PBXFileReference section */

/* Begin PBXFrameworksBuildPhase section */
		D8706D412748AC6500178A5A /* Frameworks */ = {
			isa = PBXFrameworksBuildPhase;
			buildActionMask = 2147483647;
			files = (
			);
			runOnlyForDeploymentPostprocessing = 0;
		};
/* End PBXFrameworksBuildPhase section */

/* Begin PBXGroup section */
		6DE4820090E3BA6BB4A86370 /* Pods */ = {
			isa = PBXGroup;
			children = (
				5DB2B8ED6B0C1B9DFA0BE814 /* Pods-Clubs.debug.xcconfig */,
				6D2DDD878F71875BDF867974 /* Pods-Clubs.release.xcconfig */,
			);
			path = Pods;
			sourceTree = "<group>";
		};
		C8CFAD4E1B94D0598447F5EB /* Frameworks */ = {
			isa = PBXGroup;
			children = (
				1821054D7E9E356BE21924FB /* Pods_Clubs.framework */,
			);
			name = Frameworks;
			sourceTree = "<group>";
		};
		D84C60232749C9D8009E5863 /* Prestntation */ = {
			isa = PBXGroup;
			children = (
				D84C60172749C7DA009E5863 /* CalendarViewController.swift */,
				D84C60192749C946009E5863 /* CalendarController.swift */,
				D84C601B2749C94E009E5863 /* CalendarPresenter.swift */,
			);
			path = Prestntation;
			sourceTree = "<group>";
		};
		D84C60242749CA0B009E5863 /* Domain */ = {
			isa = PBXGroup;
			children = (
				D84C601D2749C96B009E5863 /* CalendarUseCase.swift */,
				D84C601F2749C972009E5863 /* DateItems.swift */,
			);
			path = Domain;
			sourceTree = "<group>";
		};
		D84C60252749CA2F009E5863 /* Extension */ = {
			isa = PBXGroup;
			children = (
				D84C60212749C97A009E5863 /* UIColor+.swift */,
			);
			path = Extension;
			sourceTree = "<group>";
		};
		D8706D3B2748AC6500178A5A = {
			isa = PBXGroup;
			children = (
				D86D41F2274C820800B103DA /* PlanCreateViewController.swift */,
				D8706D462748AC6500178A5A /* Clubs */,
				D8706D452748AC6500178A5A /* Products */,
				6DE4820090E3BA6BB4A86370 /* Pods */,
				C8CFAD4E1B94D0598447F5EB /* Frameworks */,
			);
			sourceTree = "<group>";
		};
		D8706D452748AC6500178A5A /* Products */ = {
			isa = PBXGroup;
			children = (
				D8706D442748AC6500178A5A /* Clubs.app */,
			);
			name = Products;
			sourceTree = "<group>";
		};
		D8706D462748AC6500178A5A /* Clubs */ = {
			isa = PBXGroup;
			children = (
				D84C60252749CA2F009E5863 /* Extension */,
				D84C60242749CA0B009E5863 /* Domain */,
				D84C60232749C9D8009E5863 /* Prestntation */,
				D8706D5F2748B2C200178A5A /* structs */,
				D8706D472748AC6500178A5A /* AppDelegate.swift */,
				D8706D492748AC6500178A5A /* SceneDelegate.swift */,
				D8706D4B2748AC6500178A5A /* ViewController.swift */,
				D8706D4D2748AC6500178A5A /* Main.storyboard */,
				D82C73B4274B156300F54968 /* PlansViewController.swift */,
				D8706D6C2748EA9400178A5A /* RequestViewController.swift */,
				D8706D6A2748EA7600178A5A /* ClubCreateViewController.swift */,
				D8706D682748DF3800178A5A /* ClubsViewController.swift */,
				D8706D5D2748AFF800178A5A /* RegisterViewController.swift */,
				D8706D5B2748AFE000178A5A /* LoginViewController.swift */,
				D8706D502748AC6700178A5A /* Assets.xcassets */,
				D8706D522748AC6700178A5A /* LaunchScreen.storyboard */,
				D8706D552748AC6700178A5A /* Info.plist */,
			);
			path = Clubs;
			sourceTree = "<group>";
		};
		D8706D5F2748B2C200178A5A /* structs */ = {
			isa = PBXGroup;
			children = (
				D8706D602748B2EB00178A5A /* Login.swift */,
				D8706D622748B35D00178A5A /* Constants.swift */,
				D8706D662748CFD900178A5A /* Club.swift */,
				D82B7BC12749E8D50015371A /* Plan.swift */,
				D82C73B6274B1C3400F54968 /* Thread.swift */,
			);
			path = structs;
			sourceTree = "<group>";
		};
/* End PBXGroup section */

/* Begin PBXNativeTarget section */
		D8706D432748AC6500178A5A /* Clubs */ = {
			isa = PBXNativeTarget;
			buildConfigurationList = D8706D582748AC6700178A5A /* Build configuration list for PBXNativeTarget "Clubs" */;
			buildPhases = (
				C569403391C7FC736AB0698D /* [CP] Check Pods Manifest.lock */,
				D8706D402748AC6500178A5A /* Sources */,
				D8706D412748AC6500178A5A /* Frameworks */,
				D8706D422748AC6500178A5A /* Resources */,
				C540CBA3B4BD0208E8135CA0 /* [CP] Embed Pods Frameworks */,
			);
			buildRules = (
			);
			dependencies = (
			);
			name = Clubs;
			productName = Clubs;
			productReference = D8706D442748AC6500178A5A /* Clubs.app */;
			productType = "com.apple.product-type.application";
		};
/* End PBXNativeTarget section */

/* Begin PBXProject section */
		D8706D3C2748AC6500178A5A /* Project object */ = {
			isa = PBXProject;
			attributes = {
				BuildIndependentTargetsInParallel = 1;
				LastSwiftUpdateCheck = 1300;
				LastUpgradeCheck = 1300;
				TargetAttributes = {
					D8706D432748AC6500178A5A = {
						CreatedOnToolsVersion = 13.0;
					};
				};
			};
			buildConfigurationList = D8706D3F2748AC6500178A5A /* Build configuration list for PBXProject "Clubs" */;
			compatibilityVersion = "Xcode 13.0";
			developmentRegion = en;
			hasScannedForEncodings = 0;
			knownRegions = (
				en,
				Base,
			);
			mainGroup = D8706D3B2748AC6500178A5A;
			productRefGroup = D8706D452748AC6500178A5A /* Products */;
			projectDirPath = "";
			projectRoot = "";
			targets = (
				D8706D432748AC6500178A5A /* Clubs */,
			);
		};
/* End PBXProject section */

/* Begin PBXResourcesBuildPhase section */
		D8706D422748AC6500178A5A /* Resources */ = {
			isa = PBXResourcesBuildPhase;
			buildActionMask = 2147483647;
			files = (
				D8706D542748AC6700178A5A /* LaunchScreen.storyboard in Resources */,
				D8706D512748AC6700178A5A /* Assets.xcassets in Resources */,
				D8706D4F2748AC6500178A5A /* Main.storyboard in Resources */,
			);
			runOnlyForDeploymentPostprocessing = 0;
		};
/* End PBXResourcesBuildPhase section */

/* Begin PBXShellScriptBuildPhase section */
		C540CBA3B4BD0208E8135CA0 /* [CP] Embed Pods Frameworks */ = {
			isa = PBXShellScriptBuildPhase;
			buildActionMask = 2147483647;
			files = (
			);
			inputFileListPaths = (
				"${PODS_ROOT}/Target Support Files/Pods-Clubs/Pods-Clubs-frameworks-${CONFIGURATION}-input-files.xcfilelist",
			);
			name = "[CP] Embed Pods Frameworks";
			outputFileListPaths = (
				"${PODS_ROOT}/Target Support Files/Pods-Clubs/Pods-Clubs-frameworks-${CONFIGURATION}-output-files.xcfilelist",
			);
			runOnlyForDeploymentPostprocessing = 0;
			shellPath = /bin/sh;
			shellScript = "\"${PODS_ROOT}/Target Support Files/Pods-Clubs/Pods-Clubs-frameworks.sh\"\n";
			showEnvVarsInLog = 0;
		};
		C569403391C7FC736AB0698D /* [CP] Check Pods Manifest.lock */ = {
			isa = PBXShellScriptBuildPhase;
			buildActionMask = 2147483647;
			files = (
			);
			inputFileListPaths = (
			);
			inputPaths = (
				"${PODS_PODFILE_DIR_PATH}/Podfile.lock",
				"${PODS_ROOT}/Manifest.lock",
			);
			name = "[CP] Check Pods Manifest.lock";
			outputFileListPaths = (
			);
			outputPaths = (
				"$(DERIVED_FILE_DIR)/Pods-Clubs-checkManifestLockResult.txt",
			);
			runOnlyForDeploymentPostprocessing = 0;
			shellPath = /bin/sh;
			shellScript = "diff \"${PODS_PODFILE_DIR_PATH}/Podfile.lock\" \"${PODS_ROOT}/Manifest.lock\" > /dev/null\nif [ $? != 0 ] ; then\n    # print error to STDERR\n    echo \"error: The sandbox is not in sync with the Podfile.lock. Run 'pod install' or update your CocoaPods installation.\" >&2\n    exit 1\nfi\n# This output is used by Xcode 'outputs' to avoid re-running this script phase.\necho \"SUCCESS\" > \"${SCRIPT_OUTPUT_FILE_0}\"\n";
			showEnvVarsInLog = 0;
		};
/* End PBXShellScriptBuildPhase section */

/* Begin PBXSourcesBuildPhase section */
		D8706D402748AC6500178A5A /* Sources */ = {
			isa = PBXSourcesBuildPhase;
			buildActionMask = 2147483647;
			files = (
				D84C60182749C7DA009E5863 /* CalendarViewController.swift in Sources */,
				D8706D6B2748EA7600178A5A /* ClubCreateViewController.swift in Sources */,
				D8706D5C2748AFE000178A5A /* LoginViewController.swift in Sources */,
				D8706D672748CFD900178A5A /* Club.swift in Sources */,
				D8706D692748DF3800178A5A /* ClubsViewController.swift in Sources */,
				D82C73B5274B156300F54968 /* PlansViewController.swift in Sources */,
				D8706D5E2748AFF800178A5A /* RegisterViewController.swift in Sources */,
				D84C601C2749C94E009E5863 /* CalendarPresenter.swift in Sources */,
				D86D41F3274C820800B103DA /* PlanCreateViewController.swift in Sources */,
				D84C601E2749C96C009E5863 /* CalendarUseCase.swift in Sources */,
				D84C60222749C97B009E5863 /* UIColor+.swift in Sources */,
				D8706D4C2748AC6500178A5A /* ViewController.swift in Sources */,
				D82C73B7274B1C3400F54968 /* Thread.swift in Sources */,
				D8706D612748B2EB00178A5A /* Login.swift in Sources */,
				D84C60202749C972009E5863 /* DateItems.swift in Sources */,
				D84C601A2749C946009E5863 /* CalendarController.swift in Sources */,
				D8706D632748B35D00178A5A /* Constants.swift in Sources */,
				D82B7BC22749E8D50015371A /* Plan.swift in Sources */,
				D8706D6D2748EA9400178A5A /* RequestViewController.swift in Sources */,
				D8706D482748AC6500178A5A /* AppDelegate.swift in Sources */,
				D8706D4A2748AC6500178A5A /* SceneDelegate.swift in Sources */,
			);
			runOnlyForDeploymentPostprocessing = 0;
		};
/* End PBXSourcesBuildPhase section */

/* Begin PBXVariantGroup section */
		D8706D4D2748AC6500178A5A /* Main.storyboard */ = {
			isa = PBXVariantGroup;
			children = (
				D8706D4E2748AC6500178A5A /* Base */,
			);
			name = Main.storyboard;
			sourceTree = "<group>";
		};
		D8706D522748AC6700178A5A /* LaunchScreen.storyboard */ = {
			isa = PBXVariantGroup;
			children = (
				D8706D532748AC6700178A5A /* Base */,
			);
			name = LaunchScreen.storyboard;
			sourceTree = "<group>";
		};
/* End PBXVariantGroup section */

/* Begin XCBuildConfiguration section */
		D8706D562748AC6700178A5A /* Debug */ = {
			isa = XCBuildConfiguration;
			buildSettings = {
				ALWAYS_SEARCH_USER_PATHS = NO;
				CLANG_ANALYZER_NONNULL = YES;
				CLANG_ANALYZER_NUMBER_OBJECT_CONVERSION = YES_AGGRESSIVE;
				CLANG_CXX_LANGUAGE_STANDARD = "gnu++17";
				CLANG_CXX_LIBRARY = "libc++";
				CLANG_ENABLE_MODULES = YES;
				CLANG_ENABLE_OBJC_ARC = YES;
				CLANG_ENABLE_OBJC_WEAK = YES;
				CLANG_WARN_BLOCK_CAPTURE_AUTORELEASING = YES;
				CLANG_WARN_BOOL_CONVERSION = YES;
				CLANG_WARN_COMMA = YES;
				CLANG_WARN_CONSTANT_CONVERSION = YES;
				CLANG_WARN_DEPRECATED_OBJC_IMPLEMENTATIONS = YES;
				CLANG_WARN_DIRECT_OBJC_ISA_USAGE = YES_ERROR;
				CLANG_WARN_DOCUMENTATION_COMMENTS = YES;
				CLANG_WARN_EMPTY_BODY = YES;
				CLANG_WARN_ENUM_CONVERSION = YES;
				CLANG_WARN_INFINITE_RECURSION = YES;
				CLANG_WARN_INT_CONVERSION = YES;
				CLANG_WARN_NON_LITERAL_NULL_CONVERSION = YES;
				CLANG_WARN_OBJC_IMPLICIT_RETAIN_SELF = YES;
				CLANG_WARN_OBJC_LITERAL_CONVERSION = YES;
				CLANG_WARN_OBJC_ROOT_CLASS = YES_ERROR;
				CLANG_WARN_QUOTED_INCLUDE_IN_FRAMEWORK_HEADER = YES;
				CLANG_WARN_RANGE_LOOP_ANALYSIS = YES;
				CLANG_WARN_STRICT_PROTOTYPES = YES;
				CLANG_WARN_SUSPICIOUS_MOVE = YES;
				CLANG_WARN_UNGUARDED_AVAILABILITY = YES_AGGRESSIVE;
				CLANG_WARN_UNREACHABLE_CODE = YES;
				CLANG_WARN__DUPLICATE_METHOD_MATCH = YES;
				COPY_PHASE_STRIP = NO;
				DEBUG_INFORMATION_FORMAT = dwarf;
				ENABLE_STRICT_OBJC_MSGSEND = YES;
				ENABLE_TESTABILITY = YES;
				GCC_C_LANGUAGE_STANDARD = gnu11;
				GCC_DYNAMIC_NO_PIC = NO;
				GCC_NO_COMMON_BLOCKS = YES;
				GCC_OPTIMIZATION_LEVEL = 0;
				GCC_PREPROCESSOR_DEFINITIONS = (
					"DEBUG=1",
					"$(inherited)",
				);
				GCC_WARN_64_TO_32_BIT_CONVERSION = YES;
				GCC_WARN_ABOUT_RETURN_TYPE = YES_ERROR;
				GCC_WARN_UNDECLARED_SELECTOR = YES;
				GCC_WARN_UNINITIALIZED_AUTOS = YES_AGGRESSIVE;
				GCC_WARN_UNUSED_FUNCTION = YES;
				GCC_WARN_UNUSED_VARIABLE = YES;
				IPHONEOS_DEPLOYMENT_TARGET = 15.0;
				MTL_ENABLE_DEBUG_INFO = INCLUDE_SOURCE;
				MTL_FAST_MATH = YES;
				ONLY_ACTIVE_ARCH = YES;
				SDKROOT = iphoneos;
				SWIFT_ACTIVE_COMPILATION_CONDITIONS = DEBUG;
				SWIFT_OPTIMIZATION_LEVEL = "-Onone";
			};
			name = Debug;
		};
		D8706D572748AC6700178A5A /* Release */ = {
			isa = XCBuildConfiguration;
			buildSettings = {
				ALWAYS_SEARCH_USER_PATHS = NO;
				CLANG_ANALYZER_NONNULL = YES;
				CLANG_ANALYZER_NUMBER_OBJECT_CONVERSION = YES_AGGRESSIVE;
				CLANG_CXX_LANGUAGE_STANDARD = "gnu++17";
				CLANG_CXX_LIBRARY = "libc++";
				CLANG_ENABLE_MODULES = YES;
				CLANG_ENABLE_OBJC_ARC = YES;
				CLANG_ENABLE_OBJC_WEAK = YES;
				CLANG_WARN_BLOCK_CAPTURE_AUTORELEASING = YES;
				CLANG_WARN_BOOL_CONVERSION = YES;
				CLANG_WARN_COMMA = YES;
				CLANG_WARN_CONSTANT_CONVERSION = YES;
				CLANG_WARN_DEPRECATED_OBJC_IMPLEMENTATIONS = YES;
				CLANG_WARN_DIRECT_OBJC_ISA_USAGE = YES_ERROR;
				CLANG_WARN_DOCUMENTATION_COMMENTS = YES;
				CLANG_WARN_EMPTY_BODY = YES;
				CLANG_WARN_ENUM_CONVERSION = YES;
				CLANG_WARN_INFINITE_RECURSION = YES;
				CLANG_WARN_INT_CONVERSION = YES;
				CLANG_WARN_NON_LITERAL_NULL_CONVERSION = YES;
				CLANG_WARN_OBJC_IMPLICIT_RETAIN_SELF = YES;
				CLANG_WARN_OBJC_LITERAL_CONVERSION = YES;
				CLANG_WARN_OBJC_ROOT_CLASS = YES_ERROR;
				CLANG_WARN_QUOTED_INCLUDE_IN_FRAMEWORK_HEADER = YES;
				CLANG_WARN_RANGE_LOOP_ANALYSIS = YES;
				CLANG_WARN_STRICT_PROTOTYPES = YES;
				CLANG_WARN_SUSPICIOUS_MOVE = YES;
				CLANG_WARN_UNGUARDED_AVAILABILITY = YES_AGGRESSIVE;
				CLANG_WARN_UNREACHABLE_CODE = YES;
				CLANG_WARN__DUPLICATE_METHOD_MATCH = YES;
				COPY_PHASE_STRIP = NO;
				DEBUG_INFORMATION_FORMAT = "dwarf-with-dsym";
				ENABLE_NS_ASSERTIONS = NO;
				ENABLE_STRICT_OBJC_MSGSEND = YES;
				GCC_C_LANGUAGE_STANDARD = gnu11;
				GCC_NO_COMMON_BLOCKS = YES;
				GCC_WARN_64_TO_32_BIT_CONVERSION = YES;
				GCC_WARN_ABOUT_RETURN_TYPE = YES_ERROR;
				GCC_WARN_UNDECLARED_SELECTOR = YES;
				GCC_WARN_UNINITIALIZED_AUTOS = YES_AGGRESSIVE;
				GCC_WARN_UNUSED_FUNCTION = YES;
				GCC_WARN_UNUSED_VARIABLE = YES;
				IPHONEOS_DEPLOYMENT_TARGET = 15.0;
				MTL_ENABLE_DEBUG_INFO = NO;
				MTL_FAST_MATH = YES;
				SDKROOT = iphoneos;
				SWIFT_COMPILATION_MODE = wholemodule;
				SWIFT_OPTIMIZATION_LEVEL = "-O";
				VALIDATE_PRODUCT = YES;
			};
			name = Release;
		};
		D8706D592748AC6700178A5A /* Debug */ = {
			isa = XCBuildConfiguration;
			baseConfigurationReference = 5DB2B8ED6B0C1B9DFA0BE814 /* Pods-Clubs.debug.xcconfig */;
			buildSettings = {
				ASSETCATALOG_COMPILER_APPICON_NAME = AppIcon;
				ASSETCATALOG_COMPILER_GLOBAL_ACCENT_COLOR_NAME = AccentColor;
				CODE_SIGN_STYLE = Automatic;
				CURRENT_PROJECT_VERSION = 1;
				DEVELOPMENT_TEAM = 9V838VVBUM;
				GENERATE_INFOPLIST_FILE = YES;
				INFOPLIST_FILE = Clubs/Info.plist;
				INFOPLIST_KEY_UIApplicationSupportsIndirectInputEvents = YES;
				INFOPLIST_KEY_UILaunchStoryboardName = LaunchScreen;
				INFOPLIST_KEY_UIMainStoryboardFile = Main;
				INFOPLIST_KEY_UISupportedInterfaceOrientations_iPad = "UIInterfaceOrientationPortrait UIInterfaceOrientationPortraitUpsideDown UIInterfaceOrientationLandscapeLeft UIInterfaceOrientationLandscapeRight";
				INFOPLIST_KEY_UISupportedInterfaceOrientations_iPhone = "UIInterfaceOrientationPortrait UIInterfaceOrientationLandscapeLeft UIInterfaceOrientationLandscapeRight";
				LD_RUNPATH_SEARCH_PATHS = (
					"$(inherited)",
					"@executable_path/Frameworks",
				);
				MARKETING_VERSION = 1.0;
				PRODUCT_BUNDLE_IDENTIFIER = com.oyuki.Clubs;
				PRODUCT_NAME = "$(TARGET_NAME)";
				SWIFT_EMIT_LOC_STRINGS = YES;
				SWIFT_VERSION = 5.0;
				TARGETED_DEVICE_FAMILY = "1,2";
			};
			name = Debug;
		};
		D8706D5A2748AC6700178A5A /* Release */ = {
			isa = XCBuildConfiguration;
			baseConfigurationReference = 6D2DDD878F71875BDF867974 /* Pods-Clubs.release.xcconfig */;
			buildSettings = {
				ASSETCATALOG_COMPILER_APPICON_NAME = AppIcon;
				ASSETCATALOG_COMPILER_GLOBAL_ACCENT_COLOR_NAME = AccentColor;
				CODE_SIGN_STYLE = Automatic;
				CURRENT_PROJECT_VERSION = 1;
				DEVELOPMENT_TEAM = 9V838VVBUM;
				GENERATE_INFOPLIST_FILE = YES;
				INFOPLIST_FILE = Clubs/Info.plist;
				INFOPLIST_KEY_UIApplicationSupportsIndirectInputEvents = YES;
				INFOPLIST_KEY_UILaunchStoryboardName = LaunchScreen;
				INFOPLIST_KEY_UIMainStoryboardFile = Main;
				INFOPLIST_KEY_UISupportedInterfaceOrientations_iPad = "UIInterfaceOrientationPortrait UIInterfaceOrientationPortraitUpsideDown UIInterfaceOrientationLandscapeLeft UIInterfaceOrientationLandscapeRight";
				INFOPLIST_KEY_UISupportedInterfaceOrientations_iPhone = "UIInterfaceOrientationPortrait UIInterfaceOrientationLandscapeLeft UIInterfaceOrientationLandscapeRight";
				LD_RUNPATH_SEARCH_PATHS = (
					"$(inherited)",
					"@executable_path/Frameworks",
				);
				MARKETING_VERSION = 1.0;
				PRODUCT_BUNDLE_IDENTIFIER = com.oyuki.Clubs;
				PRODUCT_NAME = "$(TARGET_NAME)";
				SWIFT_EMIT_LOC_STRINGS = YES;
				SWIFT_VERSION = 5.0;
				TARGETED_DEVICE_FAMILY = "1,2";
			};
			name = Release;
		};
/* End XCBuildConfiguration section */

/* Begin XCConfigurationList section */
		D8706D3F2748AC6500178A5A /* Build configuration list for PBXProject "Clubs" */ = {
			isa = XCConfigurationList;
			buildConfigurations = (
				D8706D562748AC6700178A5A /* Debug */,
				D8706D572748AC6700178A5A /* Release */,
			);
			defaultConfigurationIsVisible = 0;
			defaultConfigurationName = Release;
		};
		D8706D582748AC6700178A5A /* Build configuration list for PBXNativeTarget "Clubs" */ = {
			isa = XCConfigurationList;
			buildConfigurations = (
				D8706D592748AC6700178A5A /* Debug */,
				D8706D5A2748AC6700178A5A /* Release */,
			);
			defaultConfigurationIsVisible = 0;
			defaultConfigurationName = Release;
		};
/* End XCConfigurationList section */
	};
	rootObject = D8706D3C2748AC6500178A5A /* Project object */;
}
